
Microsoft Visual Studio Solution File, Format Version 12.00
# Visual Studio Version 17
VisualStudioVersion = 17.13.35825.156 d17.13
MinimumVisualStudioVersion = 10.0.40219.1
Project("{FAE04EC0-301F-11D3-BF4B-00C04F79EFBC}") = "PuttyLauncher", "PuttyLauncher\PuttyLauncher.csproj", "{1D1EF4A5-469E-4585-AE9B-078CDF46ECEB}"
EndProject
Global
	GlobalSection(SolutionConfigurationPlatforms) = preSolution
		Debug|Any CPU = Debug|Any CPU
		Release|Any CPU = Release|Any CPU
	EndGlobalSection
	GlobalSection(ProjectConfigurationPlatforms) = postSolution
		{1D1EF4A5-469E-4585-AE9B-078CDF46ECEB}.Debug|Any CPU.ActiveCfg = Debug|Any CPU
		{1D1EF4A5-469E-4585-AE9B-078CDF46ECEB}.Debug|Any CPU.Build.0 = Debug|Any CPU
		{1D1EF4A5-469E-4585-AE9B-078CDF46ECEB}.Release|Any CPU.ActiveCfg = Release|Any CPU
		{1D1EF4A5-469E-4585-AE9B-078CDF46ECEB}.Release|Any CPU.Build.0 = Release|Any CPU
	EndGlobalSection
	GlobalSection(SolutionProperties) = preSolution
		HideSolutionNode = FALSE
	EndGlobalSection
	GlobalSection(ExtensibilityGlobals) = postSolution
		SolutionGuid = {E5AE6E37-C1E2-4153-B2A6-2DEDDC44CFD2}
	EndGlobalSection
EndGlobal
